
Microsoft Visual Studio Solution File, Format Version 12.00
# Visual Studio 15
VisualStudioVersion = 15.0.28307.1525
MinimumVisualStudioVersion = 10.0.40219.1
Project("{9A19103F-16F7-4668-BE54-9A1E7A4F7556}") = "AVSProject", "AVSProject\AVSProject.csproj", "{05EE03A4-230D-4170-8CF0-44F8CFF62AAB}"
EndProject
Global
	GlobalSection(SolutionConfigurationPlatforms) = preSolution
		Debug|Any CPU = Debug|Any CPU
		Release|Any CPU = Release|Any CPU
	EndGlobalSection
	GlobalSection(ProjectConfigurationPlatforms) = postSolution
		{05EE03A4-230D-4170-8CF0-44F8CFF62AAB}.Debug|Any CPU.ActiveCfg = Debug|Any CPU
		{05EE03A4-230D-4170-8CF0-44F8CFF62AAB}.Debug|Any CPU.Build.0 = Debug|Any CPU
		{05EE03A4-230D-4170-8CF0-44F8CFF62AAB}.Release|Any CPU.ActiveCfg = Release|Any CPU
		{05EE03A4-230D-4170-8CF0-44F8CFF62AAB}.Release|Any CPU.Build.0 = Release|Any CPU
	EndGlobalSection
	GlobalSection(SolutionProperties) = preSolution
		HideSolutionNode = FALSE
	EndGlobalSection
	GlobalSection(ExtensibilityGlobals) = postSolution
		SolutionGuid = {B4AC441C-B98F-4DF1-AD2B-15133F254D34}
	EndGlobalSection
EndGlobal
